
Microsoft Visual Studio Solution File, Format Version 12.00
# Visual Studio Version 16
VisualStudioVersion = 16.0.30128.74
MinimumVisualStudioVersion = 10.0.40219.1
Project("{FAE04EC0-301F-11D3-BF4B-00C04F79EFBC}") = "View", "View\View.csproj", "{CDA0F9BF-B251-41BB-B67E-94107106631E}"
EndProject
Project("{FAE04EC0-301F-11D3-BF4B-00C04F79EFBC}") = "Model", "Model\Model.csproj", "{7D4D46B3-4A8D-4C60-8346-70D5C5C23509}"
EndProject
Project("{FAE04EC0-301F-11D3-BF4B-00C04F79EFBC}") = "ViewModel", "ViewModel\ViewModel.csproj", "{11F3EB47-84BF-4CEB-BEB3-5366A3FF1598}"
EndProject
Global
	GlobalSection(SolutionConfigurationPlatforms) = preSolution
		Debug|Any CPU = Debug|Any CPU
		Release|Any CPU = Release|Any CPU
	EndGlobalSection
	GlobalSection(ProjectConfigurationPlatforms) = postSolution
		{CDA0F9BF-B251-41BB-B67E-94107106631E}.Debug|Any CPU.ActiveCfg = Debug|Any CPU
		{CDA0F9BF-B251-41BB-B67E-94107106631E}.Debug|Any CPU.Build.0 = Debug|Any CPU
		{CDA0F9BF-B251-41BB-B67E-94107106631E}.Release|Any CPU.ActiveCfg = Release|Any CPU
		{CDA0F9BF-B251-41BB-B67E-94107106631E}.Release|Any CPU.Build.0 = Release|Any CPU
		{7D4D46B3-4A8D-4C60-8346-70D5C5C23509}.Debug|Any CPU.ActiveCfg = Debug|Any CPU
		{7D4D46B3-4A8D-4C60-8346-70D5C5C23509}.Debug|Any CPU.Build.0 = Debug|Any CPU
		{7D4D46B3-4A8D-4C60-8346-70D5C5C23509}.Release|Any CPU.ActiveCfg = Release|Any CPU
		{7D4D46B3-4A8D-4C60-8346-70D5C5C23509}.Release|Any CPU.Build.0 = Release|Any CPU
		{11F3EB47-84BF-4CEB-BEB3-5366A3FF1598}.Debug|Any CPU.ActiveCfg = Debug|Any CPU
		{11F3EB47-84BF-4CEB-BEB3-5366A3FF1598}.Debug|Any CPU.Build.0 = Debug|Any CPU
		{11F3EB47-84BF-4CEB-BEB3-5366A3FF1598}.Release|Any CPU.ActiveCfg = Release|Any CPU
		{11F3EB47-84BF-4CEB-BEB3-5366A3FF1598}.Release|Any CPU.Build.0 = Release|Any CPU
	EndGlobalSection
	GlobalSection(SolutionProperties) = preSolution
		HideSolutionNode = FALSE
	EndGlobalSection
	GlobalSection(ExtensibilityGlobals) = postSolution
		SolutionGuid = {202D81CC-899E-4403-855B-21178185808F}
	EndGlobalSection
EndGlobal
